// !$*UTF8*$!
{
	archiveVersion = 1;
	classes = {
	};
	objectVersion = 77;
	objects = {

/* Begin PBXContainerItemProxy section */
		BC83408D2D149EE000B53C12 /* PBXContainerItemProxy */ = {
			isa = PBXContainerItemProxy;
			containerPortal = BC83406E2D149EDF00B53C12 /* Project object */;
			proxyType = 1;
			remoteGlobalIDString = BC8340752D149EDF00B53C12;
			remoteInfo = BitcoinExchange;
		};
		BC8340972D149EE100B53C12 /* PBXContainerItemProxy */ = {
			isa = PBXContainerItemProxy;
			containerPortal = BC83406E2D149EDF00B53C12 /* Project object */;
			proxyType = 1;
			remoteGlobalIDString = BC8340752D149EDF00B53C12;
			remoteInfo = BitcoinExchange;
		};
/* End PBXContainerItemProxy section */

/* Begin PBXFileReference section */
		BC8340762D149EDF00B53C12 /* BitcoinExchange.app */ = {isa = PBXFileReference; explicitFileType = wrapper.application; includeInIndex = 0; path = BitcoinExchange.app; sourceTree = BUILT_PRODUCTS_DIR; };
		BC83408C2D149EE000B53C12 /* BitcoinExchangeTests.xctest */ = {isa = PBXFileReference; explicitFileType = wrapper.cfbundle; includeInIndex = 0; path = BitcoinExchangeTests.xctest; sourceTree = BUILT_PRODUCTS_DIR; };
		BC8340962D149EE100B53C12 /* BitcoinExchangeUITests.xctest */ = {isa = PBXFileReference; explicitFileType = wrapper.cfbundle; includeInIndex = 0; path = BitcoinExchangeUITests.xctest; sourceTree = BUILT_PRODUCTS_DIR; };
/* End PBXFileReference section */

/* Begin PBXFileSystemSynchronizedBuildFileExceptionSet section */
		BC83409E2D149EE100B53C12 /* Exceptions for "BitcoinExchange" folder in "BitcoinExchange" target */ = {
			isa = PBXFileSystemSynchronizedBuildFileExceptionSet;
			membershipExceptions = (
				Info.plist,
			);
			target = BC8340752D149EDF00B53C12 /* BitcoinExchange */;
		};
/* End PBXFileSystemSynchronizedBuildFileExceptionSet section */

/* Begin PBXFileSystemSynchronizedRootGroup section */
		BC8340782D149EDF00B53C12 /* BitcoinExchange */ = {
			isa = PBXFileSystemSynchronizedRootGroup;
			exceptions = (
				BC83409E2D149EE100B53C12 /* Exceptions for "BitcoinExchange" folder in "BitcoinExchange" target */,
			);
			path = BitcoinExchange;
			sourceTree = "<group>";
		};
		BC83408F2D149EE000B53C12 /* BitcoinExchangeTests */ = {
			isa = PBXFileSystemSynchronizedRootGroup;
			path = BitcoinExchangeTests;
			sourceTree = "<group>";
		};
		BC8340992D149EE100B53C12 /* BitcoinExchangeUITests */ = {
			isa = PBXFileSystemSynchronizedRootGroup;
			path = BitcoinExchangeUITests;
			sourceTree = "<group>";
		};
/* End PBXFileSystemSynchronizedRootGroup section */

/* Begin PBXFrameworksBuildPhase section */
		BC8340732D149EDF00B53C12 /* Frameworks */ = {
			isa = PBXFrameworksBuildPhase;
			buildActionMask = 2147483647;
			files = (
			);
			runOnlyForDeploymentPostprocessing = 0;
		};
		BC8340892D149EE000B53C12 /* Frameworks */ = {
			isa = PBXFrameworksBuildPhase;
			buildActionMask = 2147483647;
			files = (
			);
			runOnlyForDeploymentPostprocessing = 0;
		};
		BC8340932D149EE100B53C12 /* Frameworks */ = {
			isa = PBXFrameworksBuildPhase;
			buildActionMask = 2147483647;
			files = (
			);
			runOnlyForDeploymentPostprocessing = 0;
		};
/* End PBXFrameworksBuildPhase section */

/* Begin PBXGroup section */
		BC83406D2D149EDF00B53C12 = {
			isa = PBXGroup;
			children = (
				BC8340782D149EDF00B53C12 /* BitcoinExchange */,
				BC83408F2D149EE000B53C12 /* BitcoinExchangeTests */,
				BC8340992D149EE100B53C12 /* BitcoinExchangeUITests */,
				BC8340772D149EDF00B53C12 /* Products */,
			);
			sourceTree = "<group>";
		};
		BC8340772D149EDF00B53C12 /* Products */ = {
			isa = PBXGroup;
			children = (
				BC8340762D149EDF00B53C12 /* BitcoinExchange.app */,
				BC83408C2D149EE000B53C12 /* BitcoinExchangeTests.xctest */,
				BC8340962D149EE100B53C12 /* BitcoinExchangeUITests.xctest */,
			);
			name = Products;
			sourceTree = "<group>";
		};
/* End PBXGroup section */

/* Begin PBXNativeTarget section */
		BC8340752D149EDF00B53C12 /* BitcoinExchange */ = {
			isa = PBXNativeTarget;
			buildConfigurationList = BC83409F2D149EE100B53C12 /* Build configuration list for PBXNativeTarget "BitcoinExchange" */;
			buildPhases = (
				BC8340722D149EDF00B53C12 /* Sources */,
				BC8340732D149EDF00B53C12 /* Frameworks */,
				BC8340742D149EDF00B53C12 /* Resources */,
			);
			buildRules = (
			);
			dependencies = (
			);
			fileSystemSynchronizedGroups = (
				BC8340782D149EDF00B53C12 /* BitcoinExchange */,
			);
			name = BitcoinExchange;
			packageProductDependencies = (
			);
			productName = BitcoinExchange;
			productReference = BC8340762D149EDF00B53C12 /* BitcoinExchange.app */;
			productType = "com.apple.product-type.application";
		};
		BC83408B2D149EE000B53C12 /* BitcoinExchangeTests */ = {
			isa = PBXNativeTarget;
			buildConfigurationList = BC8340A42D149EE100B53C12 /* Build configuration list for PBXNativeTarget "BitcoinExchangeTests" */;
			buildPhases = (
				BC8340882D149EE000B53C12 /* Sources */,
				BC8340892D149EE000B53C12 /* Frameworks */,
				BC83408A2D149EE000B53C12 /* Resources */,
			);
			buildRules = (
			);
			dependencies = (
				BC83408E2D149EE000B53C12 /* PBXTargetDependency */,
			);
			fileSystemSynchronizedGroups = (
				BC83408F2D149EE000B53C12 /* BitcoinExchangeTests */,
			);
			name = BitcoinExchangeTests;
			packageProductDependencies = (
			);
			productName = BitcoinExchangeTests;
			productReference = BC83408C2D149EE000B53C12 /* BitcoinExchangeTests.xctest */;
			productType = "com.apple.product-type.bundle.unit-test";
		};
		BC8340952D149EE100B53C12 /* BitcoinExchangeUITests */ = {
			isa = PBXNativeTarget;
			buildConfigurationList = BC8340A72D149EE100B53C12 /* Build configuration list for PBXNativeTarget "BitcoinExchangeUITests" */;
			buildPhases = (
				BC8340922D149EE100B53C12 /* Sources */,
				BC8340932D149EE100B53C12 /* Frameworks */,
				BC8340942D149EE100B53C12 /* Resources */,
			);
			buildRules = (
			);
			dependencies = (
				BC8340982D149EE100B53C12 /* PBXTargetDependency */,
			);
			fileSystemSynchronizedGroups = (
				BC8340992D149EE100B53C12 /* BitcoinExchangeUITests */,
			);
			name = BitcoinExchangeUITests;
			packageProductDependencies = (
			);
			productName = BitcoinExchangeUITests;
			productReference = BC8340962D149EE100B53C12 /* BitcoinExchangeUITests.xctest */;
			productType = "com.apple.product-type.bundle.ui-testing";
		};
/* End PBXNativeTarget section */

/* Begin PBXProject section */
		BC83406E2D149EDF00B53C12 /* Project object */ = {
			isa = PBXProject;
			attributes = {
				BuildIndependentTargetsInParallel = 1;
				LastSwiftUpdateCheck = 1600;
				LastUpgradeCheck = 1600;
				TargetAttributes = {
					BC8340752D149EDF00B53C12 = {
						CreatedOnToolsVersion = 16.0;
					};
					BC83408B2D149EE000B53C12 = {
						CreatedOnToolsVersion = 16.0;
						TestTargetID = BC8340752D149EDF00B53C12;
					};
					BC8340952D149EE100B53C12 = {
						CreatedOnToolsVersion = 16.0;
						TestTargetID = BC8340752D149EDF00B53C12;
					};
				};
			};
			buildConfigurationList = BC8340712D149EDF00B53C12 /* Build configuration list for PBXProject "BitcoinExchange" */;
			developmentRegion = en;
			hasScannedForEncodings = 0;
			knownRegions = (
				en,
				Base,
			);
			mainGroup = BC83406D2D149EDF00B53C12;
			minimizedProjectReferenceProxies = 1;
			preferredProjectObjectVersion = 77;
			productRefGroup = BC8340772D149EDF00B53C12 /* Products */;
			projectDirPath = "";
			projectRoot = "";
			targets = (
				BC8340752D149EDF00B53C12 /* BitcoinExchange */,
				BC83408B2D149EE000B53C12 /* BitcoinExchangeTests */,
				BC8340952D149EE100B53C12 /* BitcoinExchangeUITests */,
			);
		};
/* End PBXProject section */

/* Begin PBXResourcesBuildPhase section */
		BC8340742D149EDF00B53C12 /* Resources */ = {
			isa = PBXResourcesBuildPhase;
			buildActionMask = 2147483647;
			files = (
			);
			runOnlyForDeploymentPostprocessing = 0;
		};
		BC83408A2D149EE000B53C12 /* Resources */ = {
			isa = PBXResourcesBuildPhase;
			buildActionMask = 2147483647;
			files = (
			);
			runOnlyForDeploymentPostprocessing = 0;
		};
		BC8340942D149EE100B53C12 /* Resources */ = {
			isa = PBXResourcesBuildPhase;
			buildActionMask = 2147483647;
			files = (
			);
			runOnlyForDeploymentPostprocessing = 0;
		};
/* End PBXResourcesBuildPhase section */

/* Begin PBXSourcesBuildPhase section */
		BC8340722D149EDF00B53C12 /* Sources */ = {
			isa = PBXSourcesBuildPhase;
			buildActionMask = 2147483647;
			files = (
			);
			runOnlyForDeploymentPostprocessing = 0;
		};
		BC8340882D149EE000B53C12 /* Sources */ = {
			isa = PBXSourcesBuildPhase;
			buildActionMask = 2147483647;
			files = (
			);
			runOnlyForDeploymentPostprocessing = 0;
		};
		BC8340922D149EE100B53C12 /* Sources */ = {
			isa = PBXSourcesBuildPhase;
			buildActionMask = 2147483647;
			files = (
			);
			runOnlyForDeploymentPostprocessing = 0;
		};
/* End PBXSourcesBuildPhase section */

/* Begin PBXTargetDependency section */
		BC83408E2D149EE000B53C12 /* PBXTargetDependency */ = {
			isa = PBXTargetDependency;
			target = BC8340752D149EDF00B53C12 /* BitcoinExchange */;
			targetProxy = BC83408D2D149EE000B53C12 /* PBXContainerItemProxy */;
		};
		BC8340982D149EE100B53C12 /* PBXTargetDependency */ = {
			isa = PBXTargetDependency;
			target = BC8340752D149EDF00B53C12 /* BitcoinExchange */;
			targetProxy = BC8340972D149EE100B53C12 /* PBXContainerItemProxy */;
		};
/* End PBXTargetDependency section */

/* Begin XCBuildConfiguration section */
		BC8340A02D149EE100B53C12 /* Debug */ = {
			isa = XCBuildConfiguration;
			buildSettings = {
				ASSETCATALOG_COMPILER_APPICON_NAME = AppIcon;
				ASSETCATALOG_COMPILER_GLOBAL_ACCENT_COLOR_NAME = AccentColor;
				CODE_SIGN_STYLE = Automatic;
				CURRENT_PROJECT_VERSION = 1;
				DEVELOPMENT_TEAM = YDQ2G3PC42;
				GENERATE_INFOPLIST_FILE = YES;
				INFOPLIST_FILE = BitcoinExchange/Info.plist;
				INFOPLIST_KEY_UIApplicationSupportsIndirectInputEvents = YES;
				INFOPLIST_KEY_UILaunchStoryboardName = LaunchScreen;
				INFOPLIST_KEY_UIMainStoryboardFile = Main;
				INFOPLIST_KEY_UISupportedInterfaceOrientations_iPad = "UIInterfaceOrientationPortrait UIInterfaceOrientationPortraitUpsideDown UIInterfaceOrientationLandscapeLeft UIInterfaceOrientationLandscapeRight";
				INFOPLIST_KEY_UISupportedInterfaceOrientations_iPhone = "UIInterfaceOrientationPortrait UIInterfaceOrientationLandscapeLeft UIInterfaceOrientationLandscapeRight";
				LD_RUNPATH_SEARCH_PATHS = (
					"$(inherited)",
					"@executable_path/Frameworks",
				);
				MARKETING_VERSION = 1.0;
				PRODUCT_BUNDLE_IDENTIFIER = com.jebolivarh.BitcoinExchange;
				PRODUCT_NAME = "$(TARGET_NAME)";
				SWIFT_EMIT_LOC_STRINGS = YES;
				SWIFT_VERSION = 5.0;
				TARGETED_DEVICE_FAMILY = "1,2";
			};
			name = Debug;
		};
		BC8340A12D149EE100B53C12 /* Release */ = {
			isa = XCBuildConfiguration;
			buildSettings = {
				ASSETCATALOG_COMPILER_APPICON_NAME = AppIcon;
				ASSETCATALOG_COMPILER_GLOBAL_ACCENT_COLOR_NAME = AccentColor;
				CODE_SIGN_STYLE = Automatic;
				CURRENT_PROJECT_VERSION = 1;
				DEVELOPMENT_TEAM = YDQ2G3PC42;
				GENERATE_INFOPLIST_FILE = YES;
				INFOPLIST_FILE = BitcoinExchange/Info.plist;
				INFOPLIST_KEY_UIApplicationSupportsIndirectInputEvents = YES;
				INFOPLIST_KEY_UILaunchStoryboardName = LaunchScreen;
				INFOPLIST_KEY_UIMainStoryboardFile = Main;
				INFOPLIST_KEY_UISupportedInterfaceOrientations_iPad = "UIInterfaceOrientationPortrait UIInterfaceOrientationPortraitUpsideDown UIInterfaceOrientationLandscapeLeft UIInterfaceOrientationLandscapeRight";
				INFOPLIST_KEY_UISupportedInterfaceOrientations_iPhone = "UIInterfaceOrientationPortrait UIInterfaceOrientationLandscapeLeft UIInterfaceOrientationLandscapeRight";
				LD_RUNPATH_SEARCH_PATHS = (
					"$(inherited)",
					"@executable_path/Frameworks",
				);
				MARKETING_VERSION = 1.0;
				PRODUCT_BUNDLE_IDENTIFIER = com.jebolivarh.BitcoinExchange;
				PRODUCT_NAME = "$(TARGET_NAME)";
				SWIFT_EMIT_LOC_STRINGS = YES;
				SWIFT_VERSION = 5.0;
				TARGETED_DEVICE_FAMILY = "1,2";
			};
			name = Release;
		};
		BC8340A22D149EE100B53C12 /* Debug */ = {
			isa = XCBuildConfiguration;
			buildSettings = {
				ALWAYS_SEARCH_USER_PATHS = NO;
				ASSETCATALOG_COMPILER_GENERATE_SWIFT_ASSET_SYMBOL_EXTENSIONS = YES;
				CLANG_ANALYZER_NONNULL = YES;
				CLANG_ANALYZER_NUMBER_OBJECT_CONVERSION = YES_AGGRESSIVE;
				CLANG_CXX_LANGUAGE_STANDARD = "gnu++20";
				CLANG_ENABLE_MODULES = YES;
				CLANG_ENABLE_OBJC_ARC = YES;
				CLANG_ENABLE_OBJC_WEAK = YES;
				CLANG_WARN_BLOCK_CAPTURE_AUTORELEASING = YES;
				CLANG_WARN_BOOL_CONVERSION = YES;
				CLANG_WARN_COMMA = YES;
				CLANG_WARN_CONSTANT_CONVERSION = YES;
				CLANG_WARN_DEPRECATED_OBJC_IMPLEMENTATIONS = YES;
				CLANG_WARN_DIRECT_OBJC_ISA_USAGE = YES_ERROR;
				CLANG_WARN_DOCUMENTATION_COMMENTS = YES;
				CLANG_WARN_EMPTY_BODY = YES;
				CLANG_WARN_ENUM_CONVERSION = YES;
				CLANG_WARN_INFINITE_RECURSION = YES;
				CLANG_WARN_INT_CONVERSION = YES;
				CLANG_WARN_NON_LITERAL_NULL_CONVERSION = YES;
				CLANG_WARN_OBJC_IMPLICIT_RETAIN_SELF = YES;
				CLANG_WARN_OBJC_LITERAL_CONVERSION = YES;
				CLANG_WARN_OBJC_ROOT_CLASS = YES_ERROR;
				CLANG_WARN_QUOTED_INCLUDE_IN_FRAMEWORK_HEADER = YES;
				CLANG_WARN_RANGE_LOOP_ANALYSIS = YES;
				CLANG_WARN_STRICT_PROTOTYPES = YES;
				CLANG_WARN_SUSPICIOUS_MOVE = YES;
				CLANG_WARN_UNGUARDED_AVAILABILITY = YES_AGGRESSIVE;
				CLANG_WARN_UNREACHABLE_CODE = YES;
				CLANG_WARN__DUPLICATE_METHOD_MATCH = YES;
				COPY_PHASE_STRIP = NO;
				DEBUG_INFORMATION_FORMAT = dwarf;
				ENABLE_STRICT_OBJC_MSGSEND = YES;
				ENABLE_TESTABILITY = YES;
				ENABLE_USER_SCRIPT_SANDBOXING = YES;
				GCC_C_LANGUAGE_STANDARD = gnu17;
				GCC_DYNAMIC_NO_PIC = NO;
				GCC_NO_COMMON_BLOCKS = YES;
				GCC_OPTIMIZATION_LEVEL = 0;
				GCC_PREPROCESSOR_DEFINITIONS = (
					"DEBUG=1",
					"$(inherited)",
				);
				GCC_WARN_64_TO_32_BIT_CONVERSION = YES;
				GCC_WARN_ABOUT_RETURN_TYPE = YES_ERROR;
				GCC_WARN_UNDECLARED_SELECTOR = YES;
				GCC_WARN_UNINITIALIZED_AUTOS = YES_AGGRESSIVE;
				GCC_WARN_UNUSED_FUNCTION = YES;
				GCC_WARN_UNUSED_VARIABLE = YES;
				IPHONEOS_DEPLOYMENT_TARGET = 18.0;
				LOCALIZATION_PREFERS_STRING_CATALOGS = YES;
				MTL_ENABLE_DEBUG_INFO = INCLUDE_SOURCE;
				MTL_FAST_MATH = YES;
				ONLY_ACTIVE_ARCH = YES;
				SDKROOT = iphoneos;
				SWIFT_ACTIVE_COMPILATION_CONDITIONS = "DEBUG $(inherited)";
				SWIFT_OPTIMIZATION_LEVEL = "-Onone";
			};
			name = Debug;
		};
		BC8340A32D149EE100B53C12 /* Release */ = {
			isa = XCBuildConfiguration;
			buildSettings = {
				ALWAYS_SEARCH_USER_PATHS = NO;
				ASSETCATALOG_COMPILER_GENERATE_SWIFT_ASSET_SYMBOL_EXTENSIONS = YES;
				CLANG_ANALYZER_NONNULL = YES;
				CLANG_ANALYZER_NUMBER_OBJECT_CONVERSION = YES_AGGRESSIVE;
				CLANG_CXX_LANGUAGE_STANDARD = "gnu++20";
				CLANG_ENABLE_MODULES = YES;
				CLANG_ENABLE_OBJC_ARC = YES;
				CLANG_ENABLE_OBJC_WEAK = YES;
				CLANG_WARN_BLOCK_CAPTURE_AUTORELEASING = YES;
				CLANG_WARN_BOOL_CONVERSION = YES;
				CLANG_WARN_COMMA = YES;
				CLANG_WARN_CONSTANT_CONVERSION = YES;
				CLANG_WARN_DEPRECATED_OBJC_IMPLEMENTATIONS = YES;
				CLANG_WARN_DIRECT_OBJC_ISA_USAGE = YES_ERROR;
				CLANG_WARN_DOCUMENTATION_COMMENTS = YES;
				CLANG_WARN_EMPTY_BODY = YES;
				CLANG_WARN_ENUM_CONVERSION = YES;
				CLANG_WARN_INFINITE_RECURSION = YES;
				CLANG_WARN_INT_CONVERSION = YES;
				CLANG_WARN_NON_LITERAL_NULL_CONVERSION = YES;
				CLANG_WARN_OBJC_IMPLICIT_RETAIN_SELF = YES;
				CLANG_WARN_OBJC_LITERAL_CONVERSION = YES;
				CLANG_WARN_OBJC_ROOT_CLASS = YES_ERROR;
				CLANG_WARN_QUOTED_INCLUDE_IN_FRAMEWORK_HEADER = YES;
				CLANG_WARN_RANGE_LOOP_ANALYSIS = YES;
				CLANG_WARN_STRICT_PROTOTYPES = YES;
				CLANG_WARN_SUSPICIOUS_MOVE = YES;
				CLANG_WARN_UNGUARDED_AVAILABILITY = YES_AGGRESSIVE;
				CLANG_WARN_UNREACHABLE_CODE = YES;
				CLANG_WARN__DUPLICATE_METHOD_MATCH = YES;
				COPY_PHASE_STRIP = NO;
				DEBUG_INFORMATION_FORMAT = "dwarf-with-dsym";
				ENABLE_NS_ASSERTIONS = NO;
				ENABLE_STRICT_OBJC_MSGSEND = YES;
				ENABLE_USER_SCRIPT_SANDBOXING = YES;
				GCC_C_LANGUAGE_STANDARD = gnu17;
				GCC_NO_COMMON_BLOCKS = YES;
				GCC_WARN_64_TO_32_BIT_CONVERSION = YES;
				GCC_WARN_ABOUT_RETURN_TYPE = YES_ERROR;
				GCC_WARN_UNDECLARED_SELECTOR = YES;
				GCC_WARN_UNINITIALIZED_AUTOS = YES_AGGRESSIVE;
				GCC_WARN_UNUSED_FUNCTION = YES;
				GCC_WARN_UNUSED_VARIABLE = YES;
				IPHONEOS_DEPLOYMENT_TARGET = 18.0;
				LOCALIZATION_PREFERS_STRING_CATALOGS = YES;
				MTL_ENABLE_DEBUG_INFO = NO;
				MTL_FAST_MATH = YES;
				SDKROOT = iphoneos;
				SWIFT_COMPILATION_MODE = wholemodule;
				VALIDATE_PRODUCT = YES;
			};
			name = Release;
		};
		BC8340A52D149EE100B53C12 /* Debug */ = {
			isa = XCBuildConfiguration;
			buildSettings = {
				BUNDLE_LOADER = "$(TEST_HOST)";
				CODE_SIGN_STYLE = Automatic;
				CURRENT_PROJECT_VERSION = 1;
				DEVELOPMENT_TEAM = YDQ2G3PC42;
				GENERATE_INFOPLIST_FILE = YES;
				IPHONEOS_DEPLOYMENT_TARGET = 18.0;
				MARKETING_VERSION = 1.0;
				PRODUCT_BUNDLE_IDENTIFIER = com.jebolivarh.BitcoinExchangeTests;
				PRODUCT_NAME = "$(TARGET_NAME)";
				SWIFT_EMIT_LOC_STRINGS = NO;
				SWIFT_VERSION = 5.0;
				TARGETED_DEVICE_FAMILY = "1,2";
				TEST_HOST = "$(BUILT_PRODUCTS_DIR)/BitcoinExchange.app/$(BUNDLE_EXECUTABLE_FOLDER_PATH)/BitcoinExchange";
			};
			name = Debug;
		};
		BC8340A62D149EE100B53C12 /* Release */ = {
			isa = XCBuildConfiguration;
			buildSettings = {
				BUNDLE_LOADER = "$(TEST_HOST)";
				CODE_SIGN_STYLE = Automatic;
				CURRENT_PROJECT_VERSION = 1;
				DEVELOPMENT_TEAM = YDQ2G3PC42;
				GENERATE_INFOPLIST_FILE = YES;
				IPHONEOS_DEPLOYMENT_TARGET = 18.0;
				MARKETING_VERSION = 1.0;
				PRODUCT_BUNDLE_IDENTIFIER = com.jebolivarh.BitcoinExchangeTests;
				PRODUCT_NAME = "$(TARGET_NAME)";
				SWIFT_EMIT_LOC_STRINGS = NO;
				SWIFT_VERSION = 5.0;
				TARGETED_DEVICE_FAMILY = "1,2";
				TEST_HOST = "$(BUILT_PRODUCTS_DIR)/BitcoinExchange.app/$(BUNDLE_EXECUTABLE_FOLDER_PATH)/BitcoinExchange";
			};
			name = Release;
		};
		BC8340A82D149EE100B53C12 /* Debug */ = {
			isa = XCBuildConfiguration;
			buildSettings = {
				CODE_SIGN_STYLE = Automatic;
				CURRENT_PROJECT_VERSION = 1;
				DEVELOPMENT_TEAM = YDQ2G3PC42;
				GENERATE_INFOPLIST_FILE = YES;
				MARKETING_VERSION = 1.0;
				PRODUCT_BUNDLE_IDENTIFIER = com.jebolivarh.BitcoinExchangeUITests;
				PRODUCT_NAME = "$(TARGET_NAME)";
				SWIFT_EMIT_LOC_STRINGS = NO;
				SWIFT_VERSION = 5.0;
				TARGETED_DEVICE_FAMILY = "1,2";
				TEST_TARGET_NAME = BitcoinExchange;
			};
			name = Debug;
		};
		BC8340A92D149EE100B53C12 /* Release */ = {
			isa = XCBuildConfiguration;
			buildSettings = {
				CODE_SIGN_STYLE = Automatic;
				CURRENT_PROJECT_VERSION = 1;
				DEVELOPMENT_TEAM = YDQ2G3PC42;
				GENERATE_INFOPLIST_FILE = YES;
				MARKETING_VERSION = 1.0;
				PRODUCT_BUNDLE_IDENTIFIER = com.jebolivarh.BitcoinExchangeUITests;
				PRODUCT_NAME = "$(TARGET_NAME)";
				SWIFT_EMIT_LOC_STRINGS = NO;
				SWIFT_VERSION = 5.0;
				TARGETED_DEVICE_FAMILY = "1,2";
				TEST_TARGET_NAME = BitcoinExchange;
			};
			name = Release;
		};
/* End XCBuildConfiguration section */

/* Begin XCConfigurationList section */
		BC8340712D149EDF00B53C12 /* Build configuration list for PBXProject "BitcoinExchange" */ = {
			isa = XCConfigurationList;
			buildConfigurations = (
				BC8340A22D149EE100B53C12 /* Debug */,
				BC8340A32D149EE100B53C12 /* Release */,
			);
			defaultConfigurationIsVisible = 0;
			defaultConfigurationName = Release;
		};
		BC83409F2D149EE100B53C12 /* Build configuration list for PBXNativeTarget "BitcoinExchange" */ = {
			isa = XCConfigurationList;
			buildConfigurations = (
				BC8340A02D149EE100B53C12 /* Debug */,
				BC8340A12D149EE100B53C12 /* Release */,
			);
			defaultConfigurationIsVisible = 0;
			defaultConfigurationName = Release;
		};
		BC8340A42D149EE100B53C12 /* Build configuration list for PBXNativeTarget "BitcoinExchangeTests" */ = {
			isa = XCConfigurationList;
			buildConfigurations = (
				BC8340A52D149EE100B53C12 /* Debug */,
				BC8340A62D149EE100B53C12 /* Release */,
			);
			defaultConfigurationIsVisible = 0;
			defaultConfigurationName = Release;
		};
		BC8340A72D149EE100B53C12 /* Build configuration list for PBXNativeTarget "BitcoinExchangeUITests" */ = {
			isa = XCConfigurationList;
			buildConfigurations = (
				BC8340A82D149EE100B53C12 /* Debug */,
				BC8340A92D149EE100B53C12 /* Release */,
			);
			defaultConfigurationIsVisible = 0;
			defaultConfigurationName = Release;
		};
/* End XCConfigurationList section */
	};
	rootObject = BC83406E2D149EDF00B53C12 /* Project object */;
}
